{
  "nodes": {
    "home-manager": {
      "inputs": {
        "nixpkgs": [
          "nixpkgs"
        ]
      },
      "locked": {
        "lastModified": 1767048910,
        "narHash": "sha256-KLFTeA/xquN+F3XHLAXcserk0L0nijbhzuldxNDF1eE=",
        "owner": "nix-community",
        "repo": "home-manager",
        "rev": "d99b4ca5debaa082c7d76015aa2b7f3fc7e8b5f7",
        "type": "github"
      },
      "original": {
        "owner": "nix-community",
        "ref": "master",
        "repo": "home-manager",
        "type": "github"
      }
    },
    "neovim-config": {
      "flake": false,
      "locked": {
        "lastModified": 1757076248,
        "narHash": "sha256-JSKA5yg4T7JzcKIa+PSa4e5L964O3X8cq9gUZhcBbc0=",
        "owner": "evictedcucumber",
        "repo": "neovim-config",
        "rev": "e31aaf3dcf6189d62d8e82f8fcfff029bd873b1c",
        "type": "github"
      },
      "original": {
        "owner": "evictedcucumber",
        "ref": "main",
        "repo": "neovim-config",
        "type": "github"
      }
    },
    "nixpkgs": {
      "locked": {
        "lastModified": 1767026758,
        "narHash": "sha256-7fsac/f7nh/VaKJ/qm3I338+wAJa/3J57cOGpXi0Sbg=",
        "owner": "NixOS",
        "repo": "nixpkgs",
        "rev": "346dd96ad74dc4457a9db9de4f4f57dab2e5731d",
        "type": "github"
      },
      "original": {
        "id": "nixpkgs",
        "ref": "nixpkgs-unstable",
        "type": "indirect"
      }
    },
    "root": {
      "inputs": {
        "home-manager": "home-manager",
        "neovim-config": "neovim-config",
        "nixpkgs": "nixpkgs",
        "rust-overlay": "rust-overlay",
        "zen-browser": "zen-browser"
      }
    },
    "rust-overlay": {
      "inputs": {
        "nixpkgs": [
          "nixpkgs"
        ]
      },
      "locked": {
        "lastModified": 1767062690,
        "narHash": "sha256-hfKAOJQYbR0mlwabV56tOlEMUgESRroHqlDpX0hwOpU=",
        "owner": "oxalica",
        "repo": "rust-overlay",
        "rev": "943d2d0bf1b86267287aff826ebd1138d83113b7",
        "type": "github"
      },
      "original": {
        "owner": "oxalica",
        "repo": "rust-overlay",
        "type": "github"
      }
    },
    "zen-browser": {
      "inputs": {
        "nixpkgs": [
          "nixpkgs"
        ]
      },
      "locked": {
        "lastModified": 1766377218,
        "narHash": "sha256-y3g3OqPB0tmRjbHJNnJKivSQRtAJR+/9S1xbxBWEatg=",
        "owner": "youwen5",
        "repo": "zen-browser-flake",
        "rev": "2f61341b32dd69c07e147188e67e09ba2bb99c33",
        "type": "github"
      },
      "original": {
        "owner": "youwen5",
        "repo": "zen-browser-flake",
        "type": "github"
      }
    }
  },
  "root": "root",
  "version": 7
}
